
Microsoft Visual Studio Solution File, Format Version 12.00
# Visual Studio Version 17
VisualStudioVersion = 17.7.34031.279
MinimumVisualStudioVersion = 10.0.40219.1
Project("{FAE04EC0-301F-11D3-BF4B-00C04F79EFBC}") = "SoldierCWood.CharacterCreator", "SoldierCWood.CharacterCreator\SoldierCWood.CharacterCreator.csproj", "{530DC169-0BE6-4EBD-A067-E3AEEA7B23DB}"
EndProject
Global
	GlobalSection(SolutionConfigurationPlatforms) = preSolution
		Debug|Any CPU = Debug|Any CPU
		Release|Any CPU = Release|Any CPU
	EndGlobalSection
	GlobalSection(ProjectConfigurationPlatforms) = postSolution
		{530DC169-0BE6-4EBD-A067-E3AEEA7B23DB}.Debug|Any CPU.ActiveCfg = Debug|Any CPU
		{530DC169-0BE6-4EBD-A067-E3AEEA7B23DB}.Debug|Any CPU.Build.0 = Debug|Any CPU
		{530DC169-0BE6-4EBD-A067-E3AEEA7B23DB}.Release|Any CPU.ActiveCfg = Release|Any CPU
		{530DC169-0BE6-4EBD-A067-E3AEEA7B23DB}.Release|Any CPU.Build.0 = Release|Any CPU
	EndGlobalSection
	GlobalSection(SolutionProperties) = preSolution
		HideSolutionNode = FALSE
	EndGlobalSection
	GlobalSection(ExtensibilityGlobals) = postSolution
		SolutionGuid = {BB7EC0F9-FFC5-4BF8-A1CE-5F477539FB82}
	EndGlobalSection
EndGlobal
