
Microsoft Visual Studio Solution File, Format Version 12.00
# Visual Studio Version 17
VisualStudioVersion = 17.7.34018.315
MinimumVisualStudioVersion = 10.0.40219.1
Project("{FAE04EC0-301F-11D3-BF4B-00C04F79EFBC}") = "ChrisWood.CharacterCreator", "ChrisWood.CharacterCreator.csproj", "{F94B6FC6-395E-4018-B846-950AE7DA481E}"
EndProject
Global
	GlobalSection(SolutionConfigurationPlatforms) = preSolution
		Debug|Any CPU = Debug|Any CPU
		Release|Any CPU = Release|Any CPU
	EndGlobalSection
	GlobalSection(ProjectConfigurationPlatforms) = postSolution
		{F94B6FC6-395E-4018-B846-950AE7DA481E}.Debug|Any CPU.ActiveCfg = Debug|Any CPU
		{F94B6FC6-395E-4018-B846-950AE7DA481E}.Debug|Any CPU.Build.0 = Debug|Any CPU
		{F94B6FC6-395E-4018-B846-950AE7DA481E}.Release|Any CPU.ActiveCfg = Release|Any CPU
		{F94B6FC6-395E-4018-B846-950AE7DA481E}.Release|Any CPU.Build.0 = Release|Any CPU
	EndGlobalSection
	GlobalSection(SolutionProperties) = preSolution
		HideSolutionNode = FALSE
	EndGlobalSection
	GlobalSection(ExtensibilityGlobals) = postSolution
		SolutionGuid = {16F4CF5C-30DD-4845-81DE-A1D93E8BCD86}
	EndGlobalSection
EndGlobal
