
Microsoft Visual Studio Solution File, Format Version 12.00
# Visual Studio Version 17
VisualStudioVersion = 17.7.34031.279
MinimumVisualStudioVersion = 10.0.40219.1
Project("{FAE04EC0-301F-11D3-BF4B-00C04F79EFBC}") = "SoldierWood.CharacterCreator", "SoldierWood.CharacterCreator\SoldierWood.CharacterCreator.csproj", "{AC5A27F2-711B-4A34-B3B1-0C6504E5D1EB}"
EndProject
Global
	GlobalSection(SolutionConfigurationPlatforms) = preSolution
		Debug|Any CPU = Debug|Any CPU
		Release|Any CPU = Release|Any CPU
	EndGlobalSection
	GlobalSection(ProjectConfigurationPlatforms) = postSolution
		{AC5A27F2-711B-4A34-B3B1-0C6504E5D1EB}.Debug|Any CPU.ActiveCfg = Debug|Any CPU
		{AC5A27F2-711B-4A34-B3B1-0C6504E5D1EB}.Debug|Any CPU.Build.0 = Debug|Any CPU
		{AC5A27F2-711B-4A34-B3B1-0C6504E5D1EB}.Release|Any CPU.ActiveCfg = Release|Any CPU
		{AC5A27F2-711B-4A34-B3B1-0C6504E5D1EB}.Release|Any CPU.Build.0 = Release|Any CPU
	EndGlobalSection
	GlobalSection(SolutionProperties) = preSolution
		HideSolutionNode = FALSE
	EndGlobalSection
	GlobalSection(ExtensibilityGlobals) = postSolution
		SolutionGuid = {60AF640B-5F48-491C-8B06-8B20CBCCFA1B}
	EndGlobalSection
EndGlobal
