
Microsoft Visual Studio Solution File, Format Version 12.00
# Visual Studio Version 17
VisualStudioVersion = 17.2.32630.192
MinimumVisualStudioVersion = 10.0.40219.1
Project("{9A19103F-16F7-4668-BE54-9A1E7A4F7556}") = "MoveLibrary", "MoveLibrary\MoveLibrary.csproj", "{739967B2-074B-4AE0-9D63-56D308186F51}"
EndProject
Project("{FAE04EC0-301F-11D3-BF4B-00C04F79EFBC}") = "MovieLibrary.WInHost", "MovieLibrary.WInHost\MovieLibrary.WInHost.csproj", "{81C9B17D-2127-4CD5-BA70-A8591ABDAD75}"
EndProject
Global
	GlobalSection(SolutionConfigurationPlatforms) = preSolution
		Debug|Any CPU = Debug|Any CPU
		Release|Any CPU = Release|Any CPU
	EndGlobalSection
	GlobalSection(ProjectConfigurationPlatforms) = postSolution
		{739967B2-074B-4AE0-9D63-56D308186F51}.Debug|Any CPU.ActiveCfg = Debug|Any CPU
		{739967B2-074B-4AE0-9D63-56D308186F51}.Debug|Any CPU.Build.0 = Debug|Any CPU
		{739967B2-074B-4AE0-9D63-56D308186F51}.Release|Any CPU.ActiveCfg = Release|Any CPU
		{739967B2-074B-4AE0-9D63-56D308186F51}.Release|Any CPU.Build.0 = Release|Any CPU
		{81C9B17D-2127-4CD5-BA70-A8591ABDAD75}.Debug|Any CPU.ActiveCfg = Debug|Any CPU
		{81C9B17D-2127-4CD5-BA70-A8591ABDAD75}.Debug|Any CPU.Build.0 = Debug|Any CPU
		{81C9B17D-2127-4CD5-BA70-A8591ABDAD75}.Release|Any CPU.ActiveCfg = Release|Any CPU
		{81C9B17D-2127-4CD5-BA70-A8591ABDAD75}.Release|Any CPU.Build.0 = Release|Any CPU
	EndGlobalSection
	GlobalSection(SolutionProperties) = preSolution
		HideSolutionNode = FALSE
	EndGlobalSection
	GlobalSection(ExtensibilityGlobals) = postSolution
		SolutionGuid = {6FC35402-F3D8-461D-BF92-B0E59ACF88D7}
	EndGlobalSection
EndGlobal
